// !$*UTF8*$!
{
	archiveVersion = 1;
	classes = {
	};
	objectVersion = 56;
	objects = {

/* Begin PBXBuildFile section */
		611DD9FA2B2F120200569E83 /* CollectionViewTableViewCell.swift in Sources */ = {isa = PBXBuildFile; fileRef = 611DD9F92B2F120200569E83 /* CollectionViewTableViewCell.swift */; };
		611DDA022B2F807100569E83 /* Supplier+CoreDataProperties.swift in Sources */ = {isa = PBXBuildFile; fileRef = 611DDA002B2F807100569E83 /* Supplier+CoreDataProperties.swift */; };
		61203F0B2B2337DC00CC6241 /* CoreData.xcdatamodeld in Sources */ = {isa = PBXBuildFile; fileRef = 61203F092B2337DC00CC6241 /* CoreData.xcdatamodeld */; };
		61203F0D2B233B3E00CC6241 /* UIImage+String.swift in Sources */ = {isa = PBXBuildFile; fileRef = 61203F0C2B233B3E00CC6241 /* UIImage+String.swift */; };
		61203F112B233DFA00CC6241 /* Profile+CoreDataProperties.swift in Sources */ = {isa = PBXBuildFile; fileRef = 61203F0F2B233DFA00CC6241 /* Profile+CoreDataProperties.swift */; };
		61203F132B23409200CC6241 /* CoreDataManager.swift in Sources */ = {isa = PBXBuildFile; fileRef = 61203F122B23409200CC6241 /* CoreDataManager.swift */; };
		613DE6912B2CBF6300872B3D /* AutorizationPageViewController.swift in Sources */ = {isa = PBXBuildFile; fileRef = 613DE6902B2CBF6300872B3D /* AutorizationPageViewController.swift */; };
		613DE6932B2CC05900872B3D /* AutorizationView.swift in Sources */ = {isa = PBXBuildFile; fileRef = 613DE6922B2CC05900872B3D /* AutorizationView.swift */; };
		6174272C2B188B6900379702 /* AppDelegate.swift in Sources */ = {isa = PBXBuildFile; fileRef = 6174272B2B188B6900379702 /* AppDelegate.swift */; };
		6174272E2B188B6900379702 /* SceneDelegate.swift in Sources */ = {isa = PBXBuildFile; fileRef = 6174272D2B188B6900379702 /* SceneDelegate.swift */; };
		617427302B188B6900379702 /* ViewController.swift in Sources */ = {isa = PBXBuildFile; fileRef = 6174272F2B188B6900379702 /* ViewController.swift */; };
		617427352B188B6C00379702 /* Assets.xcassets in Resources */ = {isa = PBXBuildFile; fileRef = 617427342B188B6C00379702 /* Assets.xcassets */; };
		617427382B188B6C00379702 /* LaunchScreen.storyboard in Resources */ = {isa = PBXBuildFile; fileRef = 617427362B188B6C00379702 /* LaunchScreen.storyboard */; };
		617427412B189E1D00379702 /* InformationInputView.swift in Sources */ = {isa = PBXBuildFile; fileRef = 617427402B189E1D00379702 /* InformationInputView.swift */; };
		617427472B189F2A00379702 /* InformationInputController.swift in Sources */ = {isa = PBXBuildFile; fileRef = 617427462B189F2A00379702 /* InformationInputController.swift */; };
		6174274A2B18A3B600379702 /* Pin.swift in Sources */ = {isa = PBXBuildFile; fileRef = 617427492B18A3B600379702 /* Pin.swift */; };
		6174274C2B18B76700379702 /* ImagePickerManager.swift in Sources */ = {isa = PBXBuildFile; fileRef = 6174274B2B18B76700379702 /* ImagePickerManager.swift */; };
		617544912B286E8200203E7C /* MainPageViewController.swift in Sources */ = {isa = PBXBuildFile; fileRef = 617544902B286E8200203E7C /* MainPageViewController.swift */; };
		61D2CE6C2B2A3A5F00559361 /* ProfileViewFunctions.swift in Sources */ = {isa = PBXBuildFile; fileRef = 61D2CE6B2B2A3A5F00559361 /* ProfileViewFunctions.swift */; };
		61D2CE6E2B2A3B3800559361 /* RegistrationPageViewController.swift in Sources */ = {isa = PBXBuildFile; fileRef = 61D2CE6D2B2A3B3800559361 /* RegistrationPageViewController.swift */; };
		61D2CE702B2A3B5B00559361 /* RegistrationPageView.swift in Sources */ = {isa = PBXBuildFile; fileRef = 61D2CE6F2B2A3B5B00559361 /* RegistrationPageView.swift */; };
		61E76F072B2E0A2100FD399D /* MainPageView.swift in Sources */ = {isa = PBXBuildFile; fileRef = 61E76F062B2E0A2100FD399D /* MainPageView.swift */; };
		61E76F092B2E110200FD399D /* HomeController.swift in Sources */ = {isa = PBXBuildFile; fileRef = 61E76F082B2E110200FD399D /* HomeController.swift */; };
		61E76F0B2B2E2F8D00FD399D /* ProfileController.swift in Sources */ = {isa = PBXBuildFile; fileRef = 61E76F0A2B2E2F8D00FD399D /* ProfileController.swift */; };
		61E76F0D2B2E305100FD399D /* ProfileView.swift in Sources */ = {isa = PBXBuildFile; fileRef = 61E76F0C2B2E305100FD399D /* ProfileView.swift */; };
		61FCBB182B3176EF00421FFF /* Manrope.ttf in Resources */ = {isa = PBXBuildFile; fileRef = 61FCBB172B3176EF00421FFF /* Manrope.ttf */; };
		61FCBB1A2B319BD000421FFF /* SupplierCardViewController.swift in Sources */ = {isa = PBXBuildFile; fileRef = 61FCBB192B319BD000421FFF /* SupplierCardViewController.swift */; };
		61FCBB1C2B319D2600421FFF /* SupplierCardView.swift in Sources */ = {isa = PBXBuildFile; fileRef = 61FCBB1B2B319D2600421FFF /* SupplierCardView.swift */; };
/* End PBXBuildFile section */

/* Begin PBXFileReference section */
		611DD9F92B2F120200569E83 /* CollectionViewTableViewCell.swift */ = {isa = PBXFileReference; lastKnownFileType = sourcecode.swift; path = CollectionViewTableViewCell.swift; sourceTree = "<group>"; };
		611DDA002B2F807100569E83 /* Supplier+CoreDataProperties.swift */ = {isa = PBXFileReference; lastKnownFileType = sourcecode.swift; path = "Supplier+CoreDataProperties.swift"; sourceTree = "<group>"; };
		61203F0A2B2337DC00CC6241 /* CoreData.xcdatamodel */ = {isa = PBXFileReference; lastKnownFileType = wrapper.xcdatamodel; path = CoreData.xcdatamodel; sourceTree = "<group>"; };
		61203F0C2B233B3E00CC6241 /* UIImage+String.swift */ = {isa = PBXFileReference; lastKnownFileType = sourcecode.swift; path = "UIImage+String.swift"; sourceTree = "<group>"; };
		61203F0F2B233DFA00CC6241 /* Profile+CoreDataProperties.swift */ = {isa = PBXFileReference; lastKnownFileType = sourcecode.swift; path = "Profile+CoreDataProperties.swift"; sourceTree = "<group>"; };
		61203F122B23409200CC6241 /* CoreDataManager.swift */ = {isa = PBXFileReference; lastKnownFileType = sourcecode.swift; path = CoreDataManager.swift; sourceTree = "<group>"; };
		613DE6902B2CBF6300872B3D /* AutorizationPageViewController.swift */ = {isa = PBXFileReference; lastKnownFileType = sourcecode.swift; path = AutorizationPageViewController.swift; sourceTree = "<group>"; };
		613DE6922B2CC05900872B3D /* AutorizationView.swift */ = {isa = PBXFileReference; lastKnownFileType = sourcecode.swift; path = AutorizationView.swift; sourceTree = "<group>"; };
		617427282B188B6900379702 /* Creative-Mir.app */ = {isa = PBXFileReference; explicitFileType = wrapper.application; includeInIndex = 0; path = "Creative-Mir.app"; sourceTree = BUILT_PRODUCTS_DIR; };
		6174272B2B188B6900379702 /* AppDelegate.swift */ = {isa = PBXFileReference; lastKnownFileType = sourcecode.swift; path = AppDelegate.swift; sourceTree = "<group>"; };
		6174272D2B188B6900379702 /* SceneDelegate.swift */ = {isa = PBXFileReference; lastKnownFileType = sourcecode.swift; path = SceneDelegate.swift; sourceTree = "<group>"; };
		6174272F2B188B6900379702 /* ViewController.swift */ = {isa = PBXFileReference; lastKnownFileType = sourcecode.swift; path = ViewController.swift; sourceTree = "<group>"; };
		617427342B188B6C00379702 /* Assets.xcassets */ = {isa = PBXFileReference; lastKnownFileType = folder.assetcatalog; path = Assets.xcassets; sourceTree = "<group>"; };
		617427372B188B6C00379702 /* Base */ = {isa = PBXFileReference; lastKnownFileType = file.storyboard; name = Base; path = Base.lproj/LaunchScreen.storyboard; sourceTree = "<group>"; };
		617427392B188B6C00379702 /* Info.plist */ = {isa = PBXFileReference; lastKnownFileType = text.plist.xml; path = Info.plist; sourceTree = "<group>"; };
		617427402B189E1D00379702 /* InformationInputView.swift */ = {isa = PBXFileReference; lastKnownFileType = sourcecode.swift; path = InformationInputView.swift; sourceTree = "<group>"; };
		617427462B189F2A00379702 /* InformationInputController.swift */ = {isa = PBXFileReference; lastKnownFileType = sourcecode.swift; path = InformationInputController.swift; sourceTree = "<group>"; };
		617427492B18A3B600379702 /* Pin.swift */ = {isa = PBXFileReference; lastKnownFileType = sourcecode.swift; path = Pin.swift; sourceTree = "<group>"; };
		6174274B2B18B76700379702 /* ImagePickerManager.swift */ = {isa = PBXFileReference; lastKnownFileType = sourcecode.swift; path = ImagePickerManager.swift; sourceTree = "<group>"; };
		617544902B286E8200203E7C /* MainPageViewController.swift */ = {isa = PBXFileReference; lastKnownFileType = sourcecode.swift; path = MainPageViewController.swift; sourceTree = "<group>"; };
		61D2CE6B2B2A3A5F00559361 /* ProfileViewFunctions.swift */ = {isa = PBXFileReference; lastKnownFileType = sourcecode.swift; path = ProfileViewFunctions.swift; sourceTree = "<group>"; };
		61D2CE6D2B2A3B3800559361 /* RegistrationPageViewController.swift */ = {isa = PBXFileReference; lastKnownFileType = sourcecode.swift; path = RegistrationPageViewController.swift; sourceTree = "<group>"; };
		61D2CE6F2B2A3B5B00559361 /* RegistrationPageView.swift */ = {isa = PBXFileReference; lastKnownFileType = sourcecode.swift; path = RegistrationPageView.swift; sourceTree = "<group>"; };
		61E76F062B2E0A2100FD399D /* MainPageView.swift */ = {isa = PBXFileReference; lastKnownFileType = sourcecode.swift; path = MainPageView.swift; sourceTree = "<group>"; };
		61E76F082B2E110200FD399D /* HomeController.swift */ = {isa = PBXFileReference; lastKnownFileType = sourcecode.swift; path = HomeController.swift; sourceTree = "<group>"; };
		61E76F0A2B2E2F8D00FD399D /* ProfileController.swift */ = {isa = PBXFileReference; lastKnownFileType = sourcecode.swift; path = ProfileController.swift; sourceTree = "<group>"; };
		61E76F0C2B2E305100FD399D /* ProfileView.swift */ = {isa = PBXFileReference; lastKnownFileType = sourcecode.swift; path = ProfileView.swift; sourceTree = "<group>"; };
		61FCBB172B3176EF00421FFF /* Manrope.ttf */ = {isa = PBXFileReference; lastKnownFileType = file; name = Manrope.ttf; path = ../../../Manrope.ttf; sourceTree = "<group>"; };
		61FCBB192B319BD000421FFF /* SupplierCardViewController.swift */ = {isa = PBXFileReference; lastKnownFileType = sourcecode.swift; path = SupplierCardViewController.swift; sourceTree = "<group>"; };
		61FCBB1B2B319D2600421FFF /* SupplierCardView.swift */ = {isa = PBXFileReference; lastKnownFileType = sourcecode.swift; path = SupplierCardView.swift; sourceTree = "<group>"; };
/* End PBXFileReference section */

/* Begin PBXFrameworksBuildPhase section */
		617427252B188B6900379702 /* Frameworks */ = {
			isa = PBXFrameworksBuildPhase;
			buildActionMask = 2147483647;
			files = (
			);
			runOnlyForDeploymentPostprocessing = 0;
		};
/* End PBXFrameworksBuildPhase section */

/* Begin PBXGroup section */
		611DD9F62B2EFE7400569E83 /* MainPage */ = {
			isa = PBXGroup;
			children = (
				611DD9F82B2EFFCC00569E83 /* NavigationBar */,
				617544902B286E8200203E7C /* MainPageViewController.swift */,
				61FCBB192B319BD000421FFF /* SupplierCardViewController.swift */,
			);
			path = MainPage;
			sourceTree = "<group>";
		};
		611DD9F72B2EFE9A00569E83 /* MainPage */ = {
			isa = PBXGroup;
			children = (
				61E76F0C2B2E305100FD399D /* ProfileView.swift */,
				611DD9F92B2F120200569E83 /* CollectionViewTableViewCell.swift */,
				61E76F062B2E0A2100FD399D /* MainPageView.swift */,
				61FCBB1B2B319D2600421FFF /* SupplierCardView.swift */,
			);
			path = MainPage;
			sourceTree = "<group>";
		};
		611DD9F82B2EFFCC00569E83 /* NavigationBar */ = {
			isa = PBXGroup;
			children = (
				61E76F082B2E110200FD399D /* HomeController.swift */,
				61E76F0A2B2E2F8D00FD399D /* ProfileController.swift */,
			);
			path = NavigationBar;
			sourceTree = "<group>";
		};
		61203F142B23736600CC6241 /* CoreData */ = {
			isa = PBXGroup;
			children = (
				61203F122B23409200CC6241 /* CoreDataManager.swift */,
				61203F092B2337DC00CC6241 /* CoreData.xcdatamodeld */,
			);
			path = CoreData;
			sourceTree = "<group>";
		};
		6174271F2B188B6900379702 = {
			isa = PBXGroup;
			children = (
				6174272A2B188B6900379702 /* Creative-Mir */,
				617427292B188B6900379702 /* Products */,
			);
			sourceTree = "<group>";
		};
		617427292B188B6900379702 /* Products */ = {
			isa = PBXGroup;
			children = (
				617427282B188B6900379702 /* Creative-Mir.app */,
			);
			name = Products;
			sourceTree = "<group>";
		};
		6174272A2B188B6900379702 /* Creative-Mir */ = {
			isa = PBXGroup;
			children = (
				61FCBB162B31766200421FFF /* Fonts */,
				61203F142B23736600CC6241 /* CoreData */,
				617427482B18A38800379702 /* Functions */,
				617427452B189F0300379702 /* ViewModels */,
				617427422B189E3800379702 /* Models */,
				6174273F2B189DAB00379702 /* Views */,
				6174272B2B188B6900379702 /* AppDelegate.swift */,
				6174272D2B188B6900379702 /* SceneDelegate.swift */,
				6174272F2B188B6900379702 /* ViewController.swift */,
				617427342B188B6C00379702 /* Assets.xcassets */,
				617427362B188B6C00379702 /* LaunchScreen.storyboard */,
				617427392B188B6C00379702 /* Info.plist */,
			);
			path = "Creative-Mir";
			sourceTree = "<group>";
		};
		6174273F2B189DAB00379702 /* Views */ = {
			isa = PBXGroup;
			children = (
				61E76F052B2E09A500FD399D /* Autorization&Registration */,
				611DD9F72B2EFE9A00569E83 /* MainPage */,
			);
			path = Views;
			sourceTree = "<group>";
		};
		617427422B189E3800379702 /* Models */ = {
			isa = PBXGroup;
			children = (
				611DDA002B2F807100569E83 /* Supplier+CoreDataProperties.swift */,
				61203F0F2B233DFA00CC6241 /* Profile+CoreDataProperties.swift */,
			);
			path = Models;
			sourceTree = "<group>";
		};
		617427452B189F0300379702 /* ViewModels */ = {
			isa = PBXGroup;
			children = (
				61E76F042B2E097700FD399D /* Autoriaztion&Registation */,
				611DD9F62B2EFE7400569E83 /* MainPage */,
				6174274B2B18B76700379702 /* ImagePickerManager.swift */,
			);
			path = ViewModels;
			sourceTree = "<group>";
		};
		617427482B18A38800379702 /* Functions */ = {
			isa = PBXGroup;
			children = (
				617427492B18A3B600379702 /* Pin.swift */,
				61203F0C2B233B3E00CC6241 /* UIImage+String.swift */,
				61D2CE6B2B2A3A5F00559361 /* ProfileViewFunctions.swift */,
			);
			path = Functions;
			sourceTree = "<group>";
		};
		61E76F042B2E097700FD399D /* Autoriaztion&Registation */ = {
			isa = PBXGroup;
			children = (
				61D2CE6D2B2A3B3800559361 /* RegistrationPageViewController.swift */,
				613DE6902B2CBF6300872B3D /* AutorizationPageViewController.swift */,
				617427462B189F2A00379702 /* InformationInputController.swift */,
			);
			path = "Autoriaztion&Registation";
			sourceTree = "<group>";
		};
		61E76F052B2E09A500FD399D /* Autorization&Registration */ = {
			isa = PBXGroup;
			children = (
				613DE6922B2CC05900872B3D /* AutorizationView.swift */,
				61D2CE6F2B2A3B5B00559361 /* RegistrationPageView.swift */,
				617427402B189E1D00379702 /* InformationInputView.swift */,
			);
			path = "Autorization&Registration";
			sourceTree = "<group>";
		};
		61FCBB162B31766200421FFF /* Fonts */ = {
			isa = PBXGroup;
			children = (
				61FCBB172B3176EF00421FFF /* Manrope.ttf */,
			);
			path = Fonts;
			sourceTree = "<group>";
		};
/* End PBXGroup section */

/* Begin PBXNativeTarget section */
		617427272B188B6900379702 /* Creative-Mir */ = {
			isa = PBXNativeTarget;
			buildConfigurationList = 6174273C2B188B6C00379702 /* Build configuration list for PBXNativeTarget "Creative-Mir" */;
			buildPhases = (
				617427242B188B6900379702 /* Sources */,
				617427252B188B6900379702 /* Frameworks */,
				617427262B188B6900379702 /* Resources */,
			);
			buildRules = (
			);
			dependencies = (
			);
			name = "Creative-Mir";
			productName = "Creative-Mir";
			productReference = 617427282B188B6900379702 /* Creative-Mir.app */;
			productType = "com.apple.product-type.application";
		};
/* End PBXNativeTarget section */

/* Begin PBXProject section */
		617427202B188B6900379702 /* Project object */ = {
			isa = PBXProject;
			attributes = {
				BuildIndependentTargetsInParallel = 1;
				LastSwiftUpdateCheck = 1500;
				LastUpgradeCheck = 1500;
				TargetAttributes = {
					617427272B188B6900379702 = {
						CreatedOnToolsVersion = 15.0.1;
					};
				};
			};
			buildConfigurationList = 617427232B188B6900379702 /* Build configuration list for PBXProject "Creative-Mir" */;
			compatibilityVersion = "Xcode 14.0";
			developmentRegion = en;
			hasScannedForEncodings = 0;
			knownRegions = (
				en,
				Base,
			);
			mainGroup = 6174271F2B188B6900379702;
			productRefGroup = 617427292B188B6900379702 /* Products */;
			projectDirPath = "";
			projectRoot = "";
			targets = (
				617427272B188B6900379702 /* Creative-Mir */,
			);
		};
/* End PBXProject section */

/* Begin PBXResourcesBuildPhase section */
		617427262B188B6900379702 /* Resources */ = {
			isa = PBXResourcesBuildPhase;
			buildActionMask = 2147483647;
			files = (
				617427382B188B6C00379702 /* LaunchScreen.storyboard in Resources */,
				617427352B188B6C00379702 /* Assets.xcassets in Resources */,
				61FCBB182B3176EF00421FFF /* Manrope.ttf in Resources */,
			);
			runOnlyForDeploymentPostprocessing = 0;
		};
/* End PBXResourcesBuildPhase section */

/* Begin PBXSourcesBuildPhase section */
		617427242B188B6900379702 /* Sources */ = {
			isa = PBXSourcesBuildPhase;
			buildActionMask = 2147483647;
			files = (
				6174274A2B18A3B600379702 /* Pin.swift in Sources */,
				617427472B189F2A00379702 /* InformationInputController.swift in Sources */,
				61D2CE6C2B2A3A5F00559361 /* ProfileViewFunctions.swift in Sources */,
				61203F0B2B2337DC00CC6241 /* CoreData.xcdatamodeld in Sources */,
				61E76F092B2E110200FD399D /* HomeController.swift in Sources */,
				617427412B189E1D00379702 /* InformationInputView.swift in Sources */,
				613DE6932B2CC05900872B3D /* AutorizationView.swift in Sources */,
				617544912B286E8200203E7C /* MainPageViewController.swift in Sources */,
				61D2CE702B2A3B5B00559361 /* RegistrationPageView.swift in Sources */,
				617427302B188B6900379702 /* ViewController.swift in Sources */,
				61203F132B23409200CC6241 /* CoreDataManager.swift in Sources */,
				61D2CE6E2B2A3B3800559361 /* RegistrationPageViewController.swift in Sources */,
				6174272C2B188B6900379702 /* AppDelegate.swift in Sources */,
				61E76F0B2B2E2F8D00FD399D /* ProfileController.swift in Sources */,
				611DD9FA2B2F120200569E83 /* CollectionViewTableViewCell.swift in Sources */,
				611DDA022B2F807100569E83 /* Supplier+CoreDataProperties.swift in Sources */,
				61FCBB1C2B319D2600421FFF /* SupplierCardView.swift in Sources */,
				6174272E2B188B6900379702 /* SceneDelegate.swift in Sources */,
				61FCBB1A2B319BD000421FFF /* SupplierCardViewController.swift in Sources */,
				613DE6912B2CBF6300872B3D /* AutorizationPageViewController.swift in Sources */,
				61203F0D2B233B3E00CC6241 /* UIImage+String.swift in Sources */,
				61E76F072B2E0A2100FD399D /* MainPageView.swift in Sources */,
				61203F112B233DFA00CC6241 /* Profile+CoreDataProperties.swift in Sources */,
				61E76F0D2B2E305100FD399D /* ProfileView.swift in Sources */,
				6174274C2B18B76700379702 /* ImagePickerManager.swift in Sources */,
			);
			runOnlyForDeploymentPostprocessing = 0;
		};
/* End PBXSourcesBuildPhase section */

/* Begin PBXVariantGroup section */
		617427362B188B6C00379702 /* LaunchScreen.storyboard */ = {
			isa = PBXVariantGroup;
			children = (
				617427372B188B6C00379702 /* Base */,
			);
			name = LaunchScreen.storyboard;
			sourceTree = "<group>";
		};
/* End PBXVariantGroup section */

/* Begin XCBuildConfiguration section */
		6174273A2B188B6C00379702 /* Debug */ = {
			isa = XCBuildConfiguration;
			buildSettings = {
				ALWAYS_SEARCH_USER_PATHS = NO;
				ASSETCATALOG_COMPILER_GENERATE_SWIFT_ASSET_SYMBOL_EXTENSIONS = YES;
				CLANG_ANALYZER_NONNULL = YES;
				CLANG_ANALYZER_NUMBER_OBJECT_CONVERSION = YES_AGGRESSIVE;
				CLANG_CXX_LANGUAGE_STANDARD = "gnu++20";
				CLANG_ENABLE_MODULES = YES;
				CLANG_ENABLE_OBJC_ARC = YES;
				CLANG_ENABLE_OBJC_WEAK = YES;
				CLANG_WARN_BLOCK_CAPTURE_AUTORELEASING = YES;
				CLANG_WARN_BOOL_CONVERSION = YES;
				CLANG_WARN_COMMA = YES;
				CLANG_WARN_CONSTANT_CONVERSION = YES;
				CLANG_WARN_DEPRECATED_OBJC_IMPLEMENTATIONS = YES;
				CLANG_WARN_DIRECT_OBJC_ISA_USAGE = YES_ERROR;
				CLANG_WARN_DOCUMENTATION_COMMENTS = YES;
				CLANG_WARN_EMPTY_BODY = YES;
				CLANG_WARN_ENUM_CONVERSION = YES;
				CLANG_WARN_INFINITE_RECURSION = YES;
				CLANG_WARN_INT_CONVERSION = YES;
				CLANG_WARN_NON_LITERAL_NULL_CONVERSION = YES;
				CLANG_WARN_OBJC_IMPLICIT_RETAIN_SELF = YES;
				CLANG_WARN_OBJC_LITERAL_CONVERSION = YES;
				CLANG_WARN_OBJC_ROOT_CLASS = YES_ERROR;
				CLANG_WARN_QUOTED_INCLUDE_IN_FRAMEWORK_HEADER = YES;
				CLANG_WARN_RANGE_LOOP_ANALYSIS = YES;
				CLANG_WARN_STRICT_PROTOTYPES = YES;
				CLANG_WARN_SUSPICIOUS_MOVE = YES;
				CLANG_WARN_UNGUARDED_AVAILABILITY = YES_AGGRESSIVE;
				CLANG_WARN_UNREACHABLE_CODE = YES;
				CLANG_WARN__DUPLICATE_METHOD_MATCH = YES;
				COPY_PHASE_STRIP = NO;
				DEBUG_INFORMATION_FORMAT = dwarf;
				ENABLE_STRICT_OBJC_MSGSEND = YES;
				ENABLE_TESTABILITY = YES;
				ENABLE_USER_SCRIPT_SANDBOXING = YES;
				GCC_C_LANGUAGE_STANDARD = gnu17;
				GCC_DYNAMIC_NO_PIC = NO;
				GCC_NO_COMMON_BLOCKS = YES;
				GCC_OPTIMIZATION_LEVEL = 0;
				GCC_PREPROCESSOR_DEFINITIONS = (
					"DEBUG=1",
					"$(inherited)",
				);
				GCC_WARN_64_TO_32_BIT_CONVERSION = YES;
				GCC_WARN_ABOUT_RETURN_TYPE = YES_ERROR;
				GCC_WARN_UNDECLARED_SELECTOR = YES;
				GCC_WARN_UNINITIALIZED_AUTOS = YES_AGGRESSIVE;
				GCC_WARN_UNUSED_FUNCTION = YES;
				GCC_WARN_UNUSED_VARIABLE = YES;
				IPHONEOS_DEPLOYMENT_TARGET = 17.0;
				LOCALIZATION_PREFERS_STRING_CATALOGS = YES;
				MTL_ENABLE_DEBUG_INFO = INCLUDE_SOURCE;
				MTL_FAST_MATH = YES;
				ONLY_ACTIVE_ARCH = YES;
				SDKROOT = iphoneos;
				SWIFT_ACTIVE_COMPILATION_CONDITIONS = "DEBUG $(inherited)";
				SWIFT_OPTIMIZATION_LEVEL = "-Onone";
			};
			name = Debug;
		};
		6174273B2B188B6C00379702 /* Release */ = {
			isa = XCBuildConfiguration;
			buildSettings = {
				ALWAYS_SEARCH_USER_PATHS = NO;
				ASSETCATALOG_COMPILER_GENERATE_SWIFT_ASSET_SYMBOL_EXTENSIONS = YES;
				CLANG_ANALYZER_NONNULL = YES;
				CLANG_ANALYZER_NUMBER_OBJECT_CONVERSION = YES_AGGRESSIVE;
				CLANG_CXX_LANGUAGE_STANDARD = "gnu++20";
				CLANG_ENABLE_MODULES = YES;
				CLANG_ENABLE_OBJC_ARC = YES;
				CLANG_ENABLE_OBJC_WEAK = YES;
				CLANG_WARN_BLOCK_CAPTURE_AUTORELEASING = YES;
				CLANG_WARN_BOOL_CONVERSION = YES;
				CLANG_WARN_COMMA = YES;
				CLANG_WARN_CONSTANT_CONVERSION = YES;
				CLANG_WARN_DEPRECATED_OBJC_IMPLEMENTATIONS = YES;
				CLANG_WARN_DIRECT_OBJC_ISA_USAGE = YES_ERROR;
				CLANG_WARN_DOCUMENTATION_COMMENTS = YES;
				CLANG_WARN_EMPTY_BODY = YES;
				CLANG_WARN_ENUM_CONVERSION = YES;
				CLANG_WARN_INFINITE_RECURSION = YES;
				CLANG_WARN_INT_CONVERSION = YES;
				CLANG_WARN_NON_LITERAL_NULL_CONVERSION = YES;
				CLANG_WARN_OBJC_IMPLICIT_RETAIN_SELF = YES;
				CLANG_WARN_OBJC_LITERAL_CONVERSION = YES;
				CLANG_WARN_OBJC_ROOT_CLASS = YES_ERROR;
				CLANG_WARN_QUOTED_INCLUDE_IN_FRAMEWORK_HEADER = YES;
				CLANG_WARN_RANGE_LOOP_ANALYSIS = YES;
				CLANG_WARN_STRICT_PROTOTYPES = YES;
				CLANG_WARN_SUSPICIOUS_MOVE = YES;
				CLANG_WARN_UNGUARDED_AVAILABILITY = YES_AGGRESSIVE;
				CLANG_WARN_UNREACHABLE_CODE = YES;
				CLANG_WARN__DUPLICATE_METHOD_MATCH = YES;
				COPY_PHASE_STRIP = NO;
				DEBUG_INFORMATION_FORMAT = "dwarf-with-dsym";
				ENABLE_NS_ASSERTIONS = NO;
				ENABLE_STRICT_OBJC_MSGSEND = YES;
				ENABLE_USER_SCRIPT_SANDBOXING = YES;
				GCC_C_LANGUAGE_STANDARD = gnu17;
				GCC_NO_COMMON_BLOCKS = YES;
				GCC_WARN_64_TO_32_BIT_CONVERSION = YES;
				GCC_WARN_ABOUT_RETURN_TYPE = YES_ERROR;
				GCC_WARN_UNDECLARED_SELECTOR = YES;
				GCC_WARN_UNINITIALIZED_AUTOS = YES_AGGRESSIVE;
				GCC_WARN_UNUSED_FUNCTION = YES;
				GCC_WARN_UNUSED_VARIABLE = YES;
				IPHONEOS_DEPLOYMENT_TARGET = 17.0;
				LOCALIZATION_PREFERS_STRING_CATALOGS = YES;
				MTL_ENABLE_DEBUG_INFO = NO;
				MTL_FAST_MATH = YES;
				SDKROOT = iphoneos;
				SWIFT_COMPILATION_MODE = wholemodule;
				VALIDATE_PRODUCT = YES;
			};
			name = Release;
		};
		6174273D2B188B6C00379702 /* Debug */ = {
			isa = XCBuildConfiguration;
			buildSettings = {
				ASSETCATALOG_COMPILER_APPICON_NAME = AppIcon;
				ASSETCATALOG_COMPILER_GLOBAL_ACCENT_COLOR_NAME = AccentColor;
				CODE_SIGN_STYLE = Automatic;
				CURRENT_PROJECT_VERSION = 1;
				GENERATE_INFOPLIST_FILE = YES;
				INFOPLIST_FILE = "Creative-Mir/Info.plist";
				INFOPLIST_KEY_UIApplicationSupportsIndirectInputEvents = YES;
				INFOPLIST_KEY_UILaunchStoryboardName = LaunchScreen;
				INFOPLIST_KEY_UISupportedInterfaceOrientations = UIInterfaceOrientationPortrait;
				LD_RUNPATH_SEARCH_PATHS = (
					"$(inherited)",
					"@executable_path/Frameworks",
				);
				MARKETING_VERSION = 1.0;
				PRODUCT_BUNDLE_IDENTIFIER = "com.irina.Creative-Mir";
				PRODUCT_NAME = "$(TARGET_NAME)";
				SWIFT_EMIT_LOC_STRINGS = YES;
				SWIFT_VERSION = 5.0;
				TARGETED_DEVICE_FAMILY = "1,2";
			};
			name = Debug;
		};
		6174273E2B188B6C00379702 /* Release */ = {
			isa = XCBuildConfiguration;
			buildSettings = {
				ASSETCATALOG_COMPILER_APPICON_NAME = AppIcon;
				ASSETCATALOG_COMPILER_GLOBAL_ACCENT_COLOR_NAME = AccentColor;
				CODE_SIGN_STYLE = Automatic;
				CURRENT_PROJECT_VERSION = 1;
				GENERATE_INFOPLIST_FILE = YES;
				INFOPLIST_FILE = "Creative-Mir/Info.plist";
				INFOPLIST_KEY_UIApplicationSupportsIndirectInputEvents = YES;
				INFOPLIST_KEY_UILaunchStoryboardName = LaunchScreen;
				INFOPLIST_KEY_UISupportedInterfaceOrientations = UIInterfaceOrientationPortrait;
				LD_RUNPATH_SEARCH_PATHS = (
					"$(inherited)",
					"@executable_path/Frameworks",
				);
				MARKETING_VERSION = 1.0;
				PRODUCT_BUNDLE_IDENTIFIER = "com.irina.Creative-Mir";
				PRODUCT_NAME = "$(TARGET_NAME)";
				SWIFT_EMIT_LOC_STRINGS = YES;
				SWIFT_VERSION = 5.0;
				TARGETED_DEVICE_FAMILY = "1,2";
			};
			name = Release;
		};
/* End XCBuildConfiguration section */

/* Begin XCConfigurationList section */
		617427232B188B6900379702 /* Build configuration list for PBXProject "Creative-Mir" */ = {
			isa = XCConfigurationList;
			buildConfigurations = (
				6174273A2B188B6C00379702 /* Debug */,
				6174273B2B188B6C00379702 /* Release */,
			);
			defaultConfigurationIsVisible = 0;
			defaultConfigurationName = Release;
		};
		6174273C2B188B6C00379702 /* Build configuration list for PBXNativeTarget "Creative-Mir" */ = {
			isa = XCConfigurationList;
			buildConfigurations = (
				6174273D2B188B6C00379702 /* Debug */,
				6174273E2B188B6C00379702 /* Release */,
			);
			defaultConfigurationIsVisible = 0;
			defaultConfigurationName = Release;
		};
/* End XCConfigurationList section */

/* Begin XCVersionGroup section */
		61203F092B2337DC00CC6241 /* CoreData.xcdatamodeld */ = {
			isa = XCVersionGroup;
			children = (
				61203F0A2B2337DC00CC6241 /* CoreData.xcdatamodel */,
			);
			currentVersion = 61203F0A2B2337DC00CC6241 /* CoreData.xcdatamodel */;
			path = CoreData.xcdatamodeld;
			sourceTree = "<group>";
			versionGroupType = wrapper.xcdatamodel;
		};
/* End XCVersionGroup section */
	};
	rootObject = 617427202B188B6900379702 /* Project object */;
}
